// !$*UTF8*$!
{
	archiveVersion = 1;
	classes = {
	};
	objectVersion = 50;
	objects = {

/* Begin PBXBuildFile section */
		57D44EBB2412E25500AF95F2 /* AppDelegate.swift in Sources */ = {isa = PBXBuildFile; fileRef = 57D44EBA2412E25500AF95F2 /* AppDelegate.swift */; };
		57D44EBD2412E25500AF95F2 /* SceneDelegate.swift in Sources */ = {isa = PBXBuildFile; fileRef = 57D44EBC2412E25500AF95F2 /* SceneDelegate.swift */; };
		57D44EBF2412E25500AF95F2 /* ViewController.swift in Sources */ = {isa = PBXBuildFile; fileRef = 57D44EBE2412E25500AF95F2 /* ViewController.swift */; };
		57D44EC22412E25500AF95F2 /* Main.storyboard in Resources */ = {isa = PBXBuildFile; fileRef = 57D44EC02412E25500AF95F2 /* Main.storyboard */; };
		57D44EC42412E25800AF95F2 /* Assets.xcassets in Resources */ = {isa = PBXBuildFile; fileRef = 57D44EC32412E25800AF95F2 /* Assets.xcassets */; };
		57D44EC72412E25800AF95F2 /* LaunchScreen.storyboard in Resources */ = {isa = PBXBuildFile; fileRef = 57D44EC52412E25800AF95F2 /* LaunchScreen.storyboard */; };
		57D44ED22412E25800AF95F2 /* RSGTestTests.swift in Sources */ = {isa = PBXBuildFile; fileRef = 57D44ED12412E25800AF95F2 /* RSGTestTests.swift */; };
/* End PBXBuildFile section */

/* Begin PBXContainerItemProxy section */
		57D44ECE2412E25800AF95F2 /* PBXContainerItemProxy */ = {
			isa = PBXContainerItemProxy;
			containerPortal = 57D44EAF2412E25500AF95F2 /* Project object */;
			proxyType = 1;
			remoteGlobalIDString = 57D44EB62412E25500AF95F2;
			remoteInfo = RSGTest;
		};
/* End PBXContainerItemProxy section */

/* Begin PBXFileReference section */
		57D44EB72412E25500AF95F2 /* RSGTest.app */ = {isa = PBXFileReference; explicitFileType = wrapper.application; includeInIndex = 0; path = RSGTest.app; sourceTree = BUILT_PRODUCTS_DIR; };
		57D44EBA2412E25500AF95F2 /* AppDelegate.swift */ = {isa = PBXFileReference; lastKnownFileType = sourcecode.swift; path = AppDelegate.swift; sourceTree = "<group>"; };
		57D44EBC2412E25500AF95F2 /* SceneDelegate.swift */ = {isa = PBXFileReference; lastKnownFileType = sourcecode.swift; path = SceneDelegate.swift; sourceTree = "<group>"; };
		57D44EBE2412E25500AF95F2 /* ViewController.swift */ = {isa = PBXFileReference; lastKnownFileType = sourcecode.swift; path = ViewController.swift; sourceTree = "<group>"; };
		57D44EC12412E25500AF95F2 /* Base */ = {isa = PBXFileReference; lastKnownFileType = file.storyboard; name = Base; path = Base.lproj/Main.storyboard; sourceTree = "<group>"; };
		57D44EC32412E25800AF95F2 /* Assets.xcassets */ = {isa = PBXFileReference; lastKnownFileType = folder.assetcatalog; path = Assets.xcassets; sourceTree = "<group>"; };
		57D44EC62412E25800AF95F2 /* Base */ = {isa = PBXFileReference; lastKnownFileType = file.storyboard; name = Base; path = Base.lproj/LaunchScreen.storyboard; sourceTree = "<group>"; };
		57D44EC82412E25800AF95F2 /* Info.plist */ = {isa = PBXFileReference; lastKnownFileType = text.plist.xml; path = Info.plist; sourceTree = "<group>"; };
		57D44ECD2412E25800AF95F2 /* RSGTestTests.xctest */ = {isa = PBXFileReference; explicitFileType = wrapper.cfbundle; includeInIndex = 0; path = RSGTestTests.xctest; sourceTree = BUILT_PRODUCTS_DIR; };
		57D44ED12412E25800AF95F2 /* RSGTestTests.swift */ = {isa = PBXFileReference; lastKnownFileType = sourcecode.swift; path = RSGTestTests.swift; sourceTree = "<group>"; };
		57D44ED32412E25800AF95F2 /* Info.plist */ = {isa = PBXFileReference; lastKnownFileType = text.plist.xml; path = Info.plist; sourceTree = "<group>"; };
/* End PBXFileReference section */

/* Begin PBXFrameworksBuildPhase section */
		57D44EB42412E25500AF95F2 /* Frameworks */ = {
			isa = PBXFrameworksBuildPhase;
			buildActionMask = 2147483647;
			files = (
			);
			runOnlyForDeploymentPostprocessing = 0;
		};
		57D44ECA2412E25800AF95F2 /* Frameworks */ = {
			isa = PBXFrameworksBuildPhase;
			buildActionMask = 2147483647;
			files = (
			);
			runOnlyForDeploymentPostprocessing = 0;
		};
/* End PBXFrameworksBuildPhase section */

/* Begin PBXGroup section */
		57D44EAE2412E25500AF95F2 = {
			isa = PBXGroup;
			children = (
				57D44EB92412E25500AF95F2 /* RSGTest */,
				57D44ED02412E25800AF95F2 /* RSGTestTests */,
				57D44EB82412E25500AF95F2 /* Products */,
			);
			sourceTree = "<group>";
		};
		57D44EB82412E25500AF95F2 /* Products */ = {
			isa = PBXGroup;
			children = (
				57D44EB72412E25500AF95F2 /* RSGTest.app */,
				57D44ECD2412E25800AF95F2 /* RSGTestTests.xctest */,
			);
			name = Products;
			sourceTree = "<group>";
		};
		57D44EB92412E25500AF95F2 /* RSGTest */ = {
			isa = PBXGroup;
			children = (
				57D44EBA2412E25500AF95F2 /* AppDelegate.swift */,
				57D44EBC2412E25500AF95F2 /* SceneDelegate.swift */,
				57D44EBE2412E25500AF95F2 /* ViewController.swift */,
				57D44EC02412E25500AF95F2 /* Main.storyboard */,
				57D44EC32412E25800AF95F2 /* Assets.xcassets */,
				57D44EC52412E25800AF95F2 /* LaunchScreen.storyboard */,
				57D44EC82412E25800AF95F2 /* Info.plist */,
			);
			path = RSGTest;
			sourceTree = "<group>";
		};
		57D44ED02412E25800AF95F2 /* RSGTestTests */ = {
			isa = PBXGroup;
			children = (
				57D44ED12412E25800AF95F2 /* RSGTestTests.swift */,
				57D44ED32412E25800AF95F2 /* Info.plist */,
			);
			path = RSGTestTests;
			sourceTree = "<group>";
		};
/* End PBXGroup section */

/* Begin PBXNativeTarget section */
		57D44EB62412E25500AF95F2 /* RSGTest */ = {
			isa = PBXNativeTarget;
			buildConfigurationList = 57D44ED62412E25800AF95F2 /* Build configuration list for PBXNativeTarget "RSGTest" */;
			buildPhases = (
				57D44EB32412E25500AF95F2 /* Sources */,
				57D44EB42412E25500AF95F2 /* Frameworks */,
				57D44EB52412E25500AF95F2 /* Resources */,
			);
			buildRules = (
			);
			dependencies = (
			);
			name = RSGTest;
			productName = RSGTest;
			productReference = 57D44EB72412E25500AF95F2 /* RSGTest.app */;
			productType = "com.apple.product-type.application";
		};
		57D44ECC2412E25800AF95F2 /* RSGTestTests */ = {
			isa = PBXNativeTarget;
			buildConfigurationList = 57D44ED92412E25800AF95F2 /* Build configuration list for PBXNativeTarget "RSGTestTests" */;
			buildPhases = (
				57D44EC92412E25800AF95F2 /* Sources */,
				57D44ECA2412E25800AF95F2 /* Frameworks */,
				57D44ECB2412E25800AF95F2 /* Resources */,
			);
			buildRules = (
			);
			dependencies = (
				57D44ECF2412E25800AF95F2 /* PBXTargetDependency */,
			);
			name = RSGTestTests;
			productName = RSGTestTests;
			productReference = 57D44ECD2412E25800AF95F2 /* RSGTestTests.xctest */;
			productType = "com.apple.product-type.bundle.unit-test";
		};
/* End PBXNativeTarget section */

/* Begin PBXProject section */
		57D44EAF2412E25500AF95F2 /* Project object */ = {
			isa = PBXProject;
			attributes = {
				LastSwiftUpdateCheck = 1130;
				LastUpgradeCheck = 1130;
				ORGANIZATIONNAME = "Renato Savoia Girão";
				TargetAttributes = {
					57D44EB62412E25500AF95F2 = {
						CreatedOnToolsVersion = 11.3.1;
					};
					57D44ECC2412E25800AF95F2 = {
						CreatedOnToolsVersion = 11.3.1;
						TestTargetID = 57D44EB62412E25500AF95F2;
					};
				};
			};
			buildConfigurationList = 57D44EB22412E25500AF95F2 /* Build configuration list for PBXProject "RSGTest" */;
			compatibilityVersion = "Xcode 9.3";
			developmentRegion = en;
			hasScannedForEncodings = 0;
			knownRegions = (
				en,
				Base,
			);
			mainGroup = 57D44EAE2412E25500AF95F2;
			productRefGroup = 57D44EB82412E25500AF95F2 /* Products */;
			projectDirPath = "";
			projectRoot = "";
			targets = (
				57D44EB62412E25500AF95F2 /* RSGTest */,
				57D44ECC2412E25800AF95F2 /* RSGTestTests */,
			);
		};
/* End PBXProject section */

/* Begin PBXResourcesBuildPhase section */
		57D44EB52412E25500AF95F2 /* Resources */ = {
			isa = PBXResourcesBuildPhase;
			buildActionMask = 2147483647;
			files = (
				57D44EC72412E25800AF95F2 /* LaunchScreen.storyboard in Resources */,
				57D44EC42412E25800AF95F2 /* Assets.xcassets in Resources */,
				57D44EC22412E25500AF95F2 /* Main.storyboard in Resources */,
			);
			runOnlyForDeploymentPostprocessing = 0;
		};
		57D44ECB2412E25800AF95F2 /* Resources */ = {
			isa = PBXResourcesBuildPhase;
			buildActionMask = 2147483647;
			files = (
			);
			runOnlyForDeploymentPostprocessing = 0;
		};
/* End PBXResourcesBuildPhase section */

/* Begin PBXSourcesBuildPhase section */
		57D44EB32412E25500AF95F2 /* Sources */ = {
			isa = PBXSourcesBuildPhase;
			buildActionMask = 2147483647;
			files = (
				57D44EBF2412E25500AF95F2 /* ViewController.swift in Sources */,
				57D44EBB2412E25500AF95F2 /* AppDelegate.swift in Sources */,
				57D44EBD2412E25500AF95F2 /* SceneDelegate.swift in Sources */,
			);
			runOnlyForDeploymentPostprocessing = 0;
		};
		57D44EC92412E25800AF95F2 /* Sources */ = {
			isa = PBXSourcesBuildPhase;
			buildActionMask = 2147483647;
			files = (
				57D44ED22412E25800AF95F2 /* RSGTestTests.swift in Sources */,
			);
			runOnlyForDeploymentPostprocessing = 0;
		};
/* End PBXSourcesBuildPhase section */

/* Begin PBXTargetDependency section */
		57D44ECF2412E25800AF95F2 /* PBXTargetDependency */ = {
			isa = PBXTargetDependency;
			target = 57D44EB62412E25500AF95F2 /* RSGTest */;
			targetProxy = 57D44ECE2412E25800AF95F2 /* PBXContainerItemProxy */;
		};
/* End PBXTargetDependency section */

/* Begin PBXVariantGroup section */
		57D44EC02412E25500AF95F2 /* Main.storyboard */ = {
			isa = PBXVariantGroup;
			children = (
				57D44EC12412E25500AF95F2 /* Base */,
			);
			name = Main.storyboard;
			sourceTree = "<group>";
		};
		57D44EC52412E25800AF95F2 /* LaunchScreen.storyboard */ = {
			isa = PBXVariantGroup;
			children = (
				57D44EC62412E25800AF95F2 /* Base */,
			);
			name = LaunchScreen.storyboard;
			sourceTree = "<group>";
		};
/* End PBXVariantGroup section */

/* Begin XCBuildConfiguration section */
		57D44ED42412E25800AF95F2 /* Debug */ = {
			isa = XCBuildConfiguration;
			buildSettings = {
				ALWAYS_SEARCH_USER_PATHS = NO;
				CLANG_ANALYZER_NONNULL = YES;
				CLANG_ANALYZER_NUMBER_OBJECT_CONVERSION = YES_AGGRESSIVE;
				CLANG_CXX_LANGUAGE_STANDARD = "gnu++14";
				CLANG_CXX_LIBRARY = "libc++";
				CLANG_ENABLE_MODULES = YES;
				CLANG_ENABLE_OBJC_ARC = YES;
				CLANG_ENABLE_OBJC_WEAK = YES;
				CLANG_WARN_BLOCK_CAPTURE_AUTORELEASING = YES;
				CLANG_WARN_BOOL_CONVERSION = YES;
				CLANG_WARN_COMMA = YES;
				CLANG_WARN_CONSTANT_CONVERSION = YES;
				CLANG_WARN_DEPRECATED_OBJC_IMPLEMENTATIONS = YES;
				CLANG_WARN_DIRECT_OBJC_ISA_USAGE = YES_ERROR;
				CLANG_WARN_DOCUMENTATION_COMMENTS = YES;
				CLANG_WARN_EMPTY_BODY = YES;
				CLANG_WARN_ENUM_CONVERSION = YES;
				CLANG_WARN_INFINITE_RECURSION = YES;
				CLANG_WARN_INT_CONVERSION = YES;
				CLANG_WARN_NON_LITERAL_NULL_CONVERSION = YES;
				CLANG_WARN_OBJC_IMPLICIT_RETAIN_SELF = YES;
				CLANG_WARN_OBJC_LITERAL_CONVERSION = YES;
				CLANG_WARN_OBJC_ROOT_CLASS = YES_ERROR;
				CLANG_WARN_RANGE_LOOP_ANALYSIS = YES;
				CLANG_WARN_STRICT_PROTOTYPES = YES;
				CLANG_WARN_SUSPICIOUS_MOVE = YES;
				CLANG_WARN_UNGUARDED_AVAILABILITY = YES_AGGRESSIVE;
				CLANG_WARN_UNREACHABLE_CODE = YES;
				CLANG_WARN__DUPLICATE_METHOD_MATCH = YES;
				COPY_PHASE_STRIP = NO;
				DEBUG_INFORMATION_FORMAT = dwarf;
				ENABLE_STRICT_OBJC_MSGSEND = YES;
				ENABLE_TESTABILITY = YES;
				GCC_C_LANGUAGE_STANDARD = gnu11;
				GCC_DYNAMIC_NO_PIC = NO;
				GCC_NO_COMMON_BLOCKS = YES;
				GCC_OPTIMIZATION_LEVEL = 0;
				GCC_PREPROCESSOR_DEFINITIONS = (
					"DEBUG=1",
					"$(inherited)",
				);
				GCC_WARN_64_TO_32_BIT_CONVERSION = YES;
				GCC_WARN_ABOUT_RETURN_TYPE = YES_ERROR;
				GCC_WARN_UNDECLARED_SELECTOR = YES;
				GCC_WARN_UNINITIALIZED_AUTOS = YES_AGGRESSIVE;
				GCC_WARN_UNUSED_FUNCTION = YES;
				GCC_WARN_UNUSED_VARIABLE = YES;
				IPHONEOS_DEPLOYMENT_TARGET = 13.2;
				MTL_ENABLE_DEBUG_INFO = INCLUDE_SOURCE;
				MTL_FAST_MATH = YES;
				ONLY_ACTIVE_ARCH = YES;
				SDKROOT = iphoneos;
				SWIFT_ACTIVE_COMPILATION_CONDITIONS = DEBUG;
				SWIFT_OPTIMIZATION_LEVEL = "-Onone";
			};
			name = Debug;
		};
		57D44ED52412E25800AF95F2 /* Release */ = {
			isa = XCBuildConfiguration;
			buildSettings = {
				ALWAYS_SEARCH_USER_PATHS = NO;
				CLANG_ANALYZER_NONNULL = YES;
				CLANG_ANALYZER_NUMBER_OBJECT_CONVERSION = YES_AGGRESSIVE;
				CLANG_CXX_LANGUAGE_STANDARD = "gnu++14";
				CLANG_CXX_LIBRARY = "libc++";
				CLANG_ENABLE_MODULES = YES;
				CLANG_ENABLE_OBJC_ARC = YES;
				CLANG_ENABLE_OBJC_WEAK = YES;
				CLANG_WARN_BLOCK_CAPTURE_AUTORELEASING = YES;
				CLANG_WARN_BOOL_CONVERSION = YES;
				CLANG_WARN_COMMA = YES;
				CLANG_WARN_CONSTANT_CONVERSION = YES;
				CLANG_WARN_DEPRECATED_OBJC_IMPLEMENTATIONS = YES;
				CLANG_WARN_DIRECT_OBJC_ISA_USAGE = YES_ERROR;
				CLANG_WARN_DOCUMENTATION_COMMENTS = YES;
				CLANG_WARN_EMPTY_BODY = YES;
				CLANG_WARN_ENUM_CONVERSION = YES;
				CLANG_WARN_INFINITE_RECURSION = YES;
				CLANG_WARN_INT_CONVERSION = YES;
				CLANG_WARN_NON_LITERAL_NULL_CONVERSION = YES;
				CLANG_WARN_OBJC_IMPLICIT_RETAIN_SELF = YES;
				CLANG_WARN_OBJC_LITERAL_CONVERSION = YES;
				CLANG_WARN_OBJC_ROOT_CLASS = YES_ERROR;
				CLANG_WARN_RANGE_LOOP_ANALYSIS = YES;
				CLANG_WARN_STRICT_PROTOTYPES = YES;
				CLANG_WARN_SUSPICIOUS_MOVE = YES;
				CLANG_WARN_UNGUARDED_AVAILABILITY = YES_AGGRESSIVE;
				CLANG_WARN_UNREACHABLE_CODE = YES;
				CLANG_WARN__DUPLICATE_METHOD_MATCH = YES;
				COPY_PHASE_STRIP = NO;
				DEBUG_INFORMATION_FORMAT = "dwarf-with-dsym";
				ENABLE_NS_ASSERTIONS = NO;
				ENABLE_STRICT_OBJC_MSGSEND = YES;
				GCC_C_LANGUAGE_STANDARD = gnu11;
				GCC_NO_COMMON_BLOCKS = YES;
				GCC_WARN_64_TO_32_BIT_CONVERSION = YES;
				GCC_WARN_ABOUT_RETURN_TYPE = YES_ERROR;
				GCC_WARN_UNDECLARED_SELECTOR = YES;
				GCC_WARN_UNINITIALIZED_AUTOS = YES_AGGRESSIVE;
				GCC_WARN_UNUSED_FUNCTION = YES;
				GCC_WARN_UNUSED_VARIABLE = YES;
				IPHONEOS_DEPLOYMENT_TARGET = 13.2;
				MTL_ENABLE_DEBUG_INFO = NO;
				MTL_FAST_MATH = YES;
				SDKROOT = iphoneos;
				SWIFT_COMPILATION_MODE = wholemodule;
				SWIFT_OPTIMIZATION_LEVEL = "-O";
				VALIDATE_PRODUCT = YES;
			};
			name = Release;
		};
		57D44ED72412E25800AF95F2 /* Debug */ = {
			isa = XCBuildConfiguration;
			buildSettings = {
				ASSETCATALOG_COMPILER_APPICON_NAME = AppIcon;
				CODE_SIGN_STYLE = Automatic;
				DEVELOPMENT_TEAM = KXUSNVLP69;
				INFOPLIST_FILE = RSGTest/Info.plist;
				LD_RUNPATH_SEARCH_PATHS = (
					"$(inherited)",
					"@executable_path/Frameworks",
				);
				PRODUCT_BUNDLE_IDENTIFIER = rgirao.RSGTest;
				PRODUCT_NAME = "$(TARGET_NAME)";
				SWIFT_VERSION = 5.0;
				TARGETED_DEVICE_FAMILY = "1,2";
			};
			name = Debug;
		};
		57D44ED82412E25800AF95F2 /* Release */ = {
			isa = XCBuildConfiguration;
			buildSettings = {
				ASSETCATALOG_COMPILER_APPICON_NAME = AppIcon;
				CODE_SIGN_STYLE = Automatic;
				DEVELOPMENT_TEAM = KXUSNVLP69;
				INFOPLIST_FILE = RSGTest/Info.plist;
				LD_RUNPATH_SEARCH_PATHS = (
					"$(inherited)",
					"@executable_path/Frameworks",
				);
				PRODUCT_BUNDLE_IDENTIFIER = rgirao.RSGTest;
				PRODUCT_NAME = "$(TARGET_NAME)";
				SWIFT_VERSION = 5.0;
				TARGETED_DEVICE_FAMILY = "1,2";
			};
			name = Release;
		};
		57D44EDA2412E25800AF95F2 /* Debug */ = {
			isa = XCBuildConfiguration;
			buildSettings = {
				ALWAYS_EMBED_SWIFT_STANDARD_LIBRARIES = YES;
				BUNDLE_LOADER = "$(TEST_HOST)";
				CODE_SIGN_STYLE = Automatic;
				DEVELOPMENT_TEAM = KXUSNVLP69;
				INFOPLIST_FILE = RSGTestTests/Info.plist;
				IPHONEOS_DEPLOYMENT_TARGET = 13.2;
				LD_RUNPATH_SEARCH_PATHS = (
					"$(inherited)",
					"@executable_path/Frameworks",
					"@loader_path/Frameworks",
				);
				PRODUCT_BUNDLE_IDENTIFIER = rgirao.RSGTestTests;
				PRODUCT_NAME = "$(TARGET_NAME)";
				SWIFT_VERSION = 5.0;
				TARGETED_DEVICE_FAMILY = "1,2";
				TEST_HOST = "$(BUILT_PRODUCTS_DIR)/RSGTest.app/RSGTest";
			};
			name = Debug;
		};
		57D44EDB2412E25800AF95F2 /* Release */ = {
			isa = XCBuildConfiguration;
			buildSettings = {
				ALWAYS_EMBED_SWIFT_STANDARD_LIBRARIES = YES;
				BUNDLE_LOADER = "$(TEST_HOST)";
				CODE_SIGN_STYLE = Automatic;
				DEVELOPMENT_TEAM = KXUSNVLP69;
				INFOPLIST_FILE = RSGTestTests/Info.plist;
				IPHONEOS_DEPLOYMENT_TARGET = 13.2;
				LD_RUNPATH_SEARCH_PATHS = (
					"$(inherited)",
					"@executable_path/Frameworks",
					"@loader_path/Frameworks",
				);
				PRODUCT_BUNDLE_IDENTIFIER = rgirao.RSGTestTests;
				PRODUCT_NAME = "$(TARGET_NAME)";
				SWIFT_VERSION = 5.0;
				TARGETED_DEVICE_FAMILY = "1,2";
				TEST_HOST = "$(BUILT_PRODUCTS_DIR)/RSGTest.app/RSGTest";
			};
			name = Release;
		};
/* End XCBuildConfiguration section */

/* Begin XCConfigurationList section */
		57D44EB22412E25500AF95F2 /* Build configuration list for PBXProject "RSGTest" */ = {
			isa = XCConfigurationList;
			buildConfigurations = (
				57D44ED42412E25800AF95F2 /* Debug */,
				57D44ED52412E25800AF95F2 /* Release */,
			);
			defaultConfigurationIsVisible = 0;
			defaultConfigurationName = Release;
		};
		57D44ED62412E25800AF95F2 /* Build configuration list for PBXNativeTarget "RSGTest" */ = {
			isa = XCConfigurationList;
			buildConfigurations = (
				57D44ED72412E25800AF95F2 /* Debug */,
				57D44ED82412E25800AF95F2 /* Release */,
			);
			defaultConfigurationIsVisible = 0;
			defaultConfigurationName = Release;
		};
		57D44ED92412E25800AF95F2 /* Build configuration list for PBXNativeTarget "RSGTestTests" */ = {
			isa = XCConfigurationList;
			buildConfigurations = (
				57D44EDA2412E25800AF95F2 /* Debug */,
				57D44EDB2412E25800AF95F2 /* Release */,
			);
			defaultConfigurationIsVisible = 0;
			defaultConfigurationName = Release;
		};
/* End XCConfigurationList section */
	};
	rootObject = 57D44EAF2412E25500AF95F2 /* Project object */;
}
